
Microsoft Visual Studio Solution File, Format Version 12.00
# Visual Studio Version 17
VisualStudioVersion = 17.0.32002.185
MinimumVisualStudioVersion = 10.0.40219.1
Project("{FAE04EC0-301F-11D3-BF4B-00C04F79EFBC}") = "Day9", "Day9\Day9.csproj", "{3BA2F7E3-6532-4672-85A5-744E91159FA6}"
EndProject
Global
	GlobalSection(SolutionConfigurationPlatforms) = preSolution
		Debug|Any CPU = Debug|Any CPU
		Release|Any CPU = Release|Any CPU
	EndGlobalSection
	GlobalSection(ProjectConfigurationPlatforms) = postSolution
		{3BA2F7E3-6532-4672-85A5-744E91159FA6}.Debug|Any CPU.ActiveCfg = Debug|Any CPU
		{3BA2F7E3-6532-4672-85A5-744E91159FA6}.Debug|Any CPU.Build.0 = Debug|Any CPU
		{3BA2F7E3-6532-4672-85A5-744E91159FA6}.Release|Any CPU.ActiveCfg = Release|Any CPU
		{3BA2F7E3-6532-4672-85A5-744E91159FA6}.Release|Any CPU.Build.0 = Release|Any CPU
	EndGlobalSection
	GlobalSection(SolutionProperties) = preSolution
		HideSolutionNode = FALSE
	EndGlobalSection
	GlobalSection(ExtensibilityGlobals) = postSolution
		SolutionGuid = {D47D965E-AA61-4D5C-BA99-C2C3384A9360}
	EndGlobalSection
EndGlobal
